
Microsoft Visual Studio Solution File, Format Version 12.00
# Visual Studio Version 17
VisualStudioVersion = 17.7.34202.233
MinimumVisualStudioVersion = 10.0.40219.1
Project("{FAE04EC0-301F-11D3-BF4B-00C04F79EFBC}") = "WeatherApiMvcApplication", "WeatherApiMvcApplication\WeatherApiMvcApplication.csproj", "{798ED8E9-A544-44D0-A491-E70E56AFE887}"
EndProject
Global
	GlobalSection(SolutionConfigurationPlatforms) = preSolution
		Debug|Any CPU = Debug|Any CPU
		Release|Any CPU = Release|Any CPU
	EndGlobalSection
	GlobalSection(ProjectConfigurationPlatforms) = postSolution
		{798ED8E9-A544-44D0-A491-E70E56AFE887}.Debug|Any CPU.ActiveCfg = Debug|Any CPU
		{798ED8E9-A544-44D0-A491-E70E56AFE887}.Debug|Any CPU.Build.0 = Debug|Any CPU
		{798ED8E9-A544-44D0-A491-E70E56AFE887}.Release|Any CPU.ActiveCfg = Release|Any CPU
		{798ED8E9-A544-44D0-A491-E70E56AFE887}.Release|Any CPU.Build.0 = Release|Any CPU
	EndGlobalSection
	GlobalSection(SolutionProperties) = preSolution
		HideSolutionNode = FALSE
	EndGlobalSection
	GlobalSection(ExtensibilityGlobals) = postSolution
		SolutionGuid = {10AE27F0-F0A8-4C0E-BB0D-ABC96DD23F2B}
	EndGlobalSection
EndGlobal
